
Microsoft Visual Studio Solution File, Format Version 12.00
# Visual Studio 2015
Project("{FAE04EC0-301F-11D3-BF4B-00C04F79EFBC}") = "MasterOfYourPalm.Plugins", "MasterOfYourPalm.Plugins.csproj", "{94CCCCCD-AEF3-C85D-CE12-DAA1C1166534}"
EndProject
Project("{FAE04EC0-301F-11D3-BF4B-00C04F79EFBC}") = "MasterOfYourPalm", "MasterOfYourPalm.csproj", "{57ABBA52-BFF2-7614-4286-EB3F1BDF4A31}"
EndProject
Global
	GlobalSection(SolutionConfigurationPlatforms) = preSolution
		Debug|Any CPU = Debug|Any CPU
		Release|Any CPU = Release|Any CPU
	EndGlobalSection
	GlobalSection(ProjectConfigurationPlatforms) = postSolution
		{94CCCCCD-AEF3-C85D-CE12-DAA1C1166534}.Debug|Any CPU.ActiveCfg = Debug|Any CPU
		{94CCCCCD-AEF3-C85D-CE12-DAA1C1166534}.Debug|Any CPU.Build.0 = Debug|Any CPU
		{94CCCCCD-AEF3-C85D-CE12-DAA1C1166534}.Release|Any CPU.ActiveCfg = Release|Any CPU
		{94CCCCCD-AEF3-C85D-CE12-DAA1C1166534}.Release|Any CPU.Build.0 = Release|Any CPU
		{57ABBA52-BFF2-7614-4286-EB3F1BDF4A31}.Debug|Any CPU.ActiveCfg = Debug|Any CPU
		{57ABBA52-BFF2-7614-4286-EB3F1BDF4A31}.Debug|Any CPU.Build.0 = Debug|Any CPU
		{57ABBA52-BFF2-7614-4286-EB3F1BDF4A31}.Release|Any CPU.ActiveCfg = Release|Any CPU
		{57ABBA52-BFF2-7614-4286-EB3F1BDF4A31}.Release|Any CPU.Build.0 = Release|Any CPU
	EndGlobalSection
	GlobalSection(SolutionProperties) = preSolution
		HideSolutionNode = FALSE
	EndGlobalSection
EndGlobal
